
Microsoft Visual Studio Solution File, Format Version 12.00
# Visual Studio Version 17
VisualStudioVersion = 17.7.34018.315
MinimumVisualStudioVersion = 10.0.40219.1
Project("{FAE04EC0-301F-11D3-BF4B-00C04F79EFBC}") = "Crud1", "Crud1.csproj", "{E1375C56-E78F-4494-9CA4-8FAE53F8B4A6}"
EndProject
Global
	GlobalSection(SolutionConfigurationPlatforms) = preSolution
		Debug|Any CPU = Debug|Any CPU
		Release|Any CPU = Release|Any CPU
	EndGlobalSection
	GlobalSection(ProjectConfigurationPlatforms) = postSolution
		{E1375C56-E78F-4494-9CA4-8FAE53F8B4A6}.Debug|Any CPU.ActiveCfg = Debug|Any CPU
		{E1375C56-E78F-4494-9CA4-8FAE53F8B4A6}.Debug|Any CPU.Build.0 = Debug|Any CPU
		{E1375C56-E78F-4494-9CA4-8FAE53F8B4A6}.Release|Any CPU.ActiveCfg = Release|Any CPU
		{E1375C56-E78F-4494-9CA4-8FAE53F8B4A6}.Release|Any CPU.Build.0 = Release|Any CPU
	EndGlobalSection
	GlobalSection(SolutionProperties) = preSolution
		HideSolutionNode = FALSE
	EndGlobalSection
	GlobalSection(ExtensibilityGlobals) = postSolution
		SolutionGuid = {5F036D0D-B1E6-4E4C-8D89-4BC9EF2AE045}
	EndGlobalSection
EndGlobal
